
Microsoft Visual Studio Solution File, Format Version 12.00
# Visual Studio 15
VisualStudioVersion = 15.0.28010.2046
MinimumVisualStudioVersion = 10.0.40219.1
Project("{FAE04EC0-301F-11D3-BF4B-00C04F79EFBC}") = "ReactiveOperators", "ReactiveOperators\ReactiveOperators.csproj", "{A00EC70A-6C51-41A4-81D3-36068D0AD9A0}"
EndProject
Global
	GlobalSection(SolutionConfigurationPlatforms) = preSolution
		Debug|Any CPU = Debug|Any CPU
		Release|Any CPU = Release|Any CPU
	EndGlobalSection
	GlobalSection(ProjectConfigurationPlatforms) = postSolution
		{A00EC70A-6C51-41A4-81D3-36068D0AD9A0}.Debug|Any CPU.ActiveCfg = Debug|Any CPU
		{A00EC70A-6C51-41A4-81D3-36068D0AD9A0}.Debug|Any CPU.Build.0 = Debug|Any CPU
		{A00EC70A-6C51-41A4-81D3-36068D0AD9A0}.Release|Any CPU.ActiveCfg = Release|Any CPU
		{A00EC70A-6C51-41A4-81D3-36068D0AD9A0}.Release|Any CPU.Build.0 = Release|Any CPU
	EndGlobalSection
	GlobalSection(SolutionProperties) = preSolution
		HideSolutionNode = FALSE
	EndGlobalSection
	GlobalSection(ExtensibilityGlobals) = postSolution
		SolutionGuid = {953EB366-2DD8-4859-98E7-255FE010B87C}
	EndGlobalSection
EndGlobal
