
Microsoft Visual Studio Solution File, Format Version 12.00
# Visual Studio 15
VisualStudioVersion = 15.0.28010.2046
MinimumVisualStudioVersion = 10.0.40219.1
Project("{FAE04EC0-301F-11D3-BF4B-00C04F79EFBC}") = "IntroToRx", "IntroToRx\IntroToRx.csproj", "{61E2CBCF-F4B4-415B-8FF2-C101A6727D56}"
EndProject
Global
	GlobalSection(SolutionConfigurationPlatforms) = preSolution
		Debug|Any CPU = Debug|Any CPU
		Release|Any CPU = Release|Any CPU
	EndGlobalSection
	GlobalSection(ProjectConfigurationPlatforms) = postSolution
		{61E2CBCF-F4B4-415B-8FF2-C101A6727D56}.Debug|Any CPU.ActiveCfg = Debug|Any CPU
		{61E2CBCF-F4B4-415B-8FF2-C101A6727D56}.Debug|Any CPU.Build.0 = Debug|Any CPU
		{61E2CBCF-F4B4-415B-8FF2-C101A6727D56}.Release|Any CPU.ActiveCfg = Release|Any CPU
		{61E2CBCF-F4B4-415B-8FF2-C101A6727D56}.Release|Any CPU.Build.0 = Release|Any CPU
	EndGlobalSection
	GlobalSection(SolutionProperties) = preSolution
		HideSolutionNode = FALSE
	EndGlobalSection
	GlobalSection(ExtensibilityGlobals) = postSolution
		SolutionGuid = {D2D57421-007A-4574-AFE1-6832FA4665A4}
	EndGlobalSection
EndGlobal
